{
  "name": "wudooh",
  "version": "2.0.0",
  "lockfileVersion": 1,
  "requires": true,
  "dependencies": {
    "@types/cash": {
      "version": "0.0.3",
      "resolved": "https://registry.npmjs.org/@types/cash/-/cash-0.0.3.tgz",
      "integrity": "sha512-gS24kdFuVwfo5h7IlStnXyBSIH4e9aFIhNHb4w+o5DwbYDeQJv+i9heh7u7nSvqnOP3v34tQMTe7VoJp2US08w=="
    },
    "@types/chrome": {
      "version": "0.0.104",
      "resolved": "https://registry.npmjs.org/@types/chrome/-/chrome-0.0.104.tgz",
      "integrity": "sha512-NDq+Vpphs5XT7IXrIHJcy27Rvf09Mes3XNsfpP2yOXUk6YiEU1QRcSLjj/A+y5jyq/kpUwC5shNET2jFeWAqEw==",
      "requires": {
        "@types/filesystem": "*",
        "@types/har-format": "*"
      }
    },
    "@types/filesystem": {
      "version": "0.0.29",
      "resolved": "https://registry.npmjs.org/@types/filesystem/-/filesystem-0.0.29.tgz",
      "integrity": "sha512-85/1KfRedmfPGsbK8YzeaQUyV1FQAvMPMTuWFQ5EkLd2w7szhNO96bk3Rh/SKmOfd9co2rCLf0Voy4o7ECBOvw==",
      "requires": {
        "@types/filewriter": "*"
      }
    },
    "@types/filewriter": {
      "version": "0.0.28",
      "resolved": "https://registry.npmjs.org/@types/filewriter/-/filewriter-0.0.28.tgz",
      "integrity": "sha1-wFTor02d11205jq8dviFFocU1LM="
    },
    "@types/firefox-webext-browser": {
      "version": "70.0.1",
      "resolved": "https://registry.npmjs.org/@types/firefox-webext-browser/-/firefox-webext-browser-70.0.1.tgz",
      "integrity": "sha512-hjHsTR9vKs+yikWbNS/s7TVCx15M/MEn+VYx47wtT/W/wORsIZDD75gfUfP7lkzi+IxRvKMQBB/5/wMFlfgvgQ=="
    },
    "@types/har-format": {
      "version": "1.2.4",
      "resolved": "https://registry.npmjs.org/@types/har-format/-/har-format-1.2.4.tgz",
      "integrity": "sha512-iUxzm1meBm3stxUMzRqgOVHjj4Kgpgu5w9fm4X7kPRfSgVRzythsucEN7/jtOo8SQzm+HfcxWWzJS0mJDH/3DQ=="
    },
    "@types/jquery": {
      "version": "3.3.35",
      "resolved": "https://registry.npmjs.org/@types/jquery/-/jquery-3.3.35.tgz",
      "integrity": "sha512-pnIELWhHXJ7RgoFylhiTxD+96QlKBJfEx8JCLj963/dh7zBOKFkZ6rlNqbaCcn2JZrsAxCI8WhgRXznBx2iDsA==",
      "requires": {
        "@types/sizzle": "*"
      }
    },
    "@types/materialize-css": {
      "version": "1.0.7",
      "resolved": "https://registry.npmjs.org/@types/materialize-css/-/materialize-css-1.0.7.tgz",
      "integrity": "sha512-nKsxFTAjUHK7gxnMcbd+Lynp1v8N+1mvrfleWmy5u0Bxd337l9O0U11FfKX3fKZlxE4hD7N4bw8BFhH5hxhXCQ==",
      "requires": {
        "@types/cash": "*",
        "@types/jquery": "*"
      }
    },
    "@types/sizzle": {
      "version": "2.3.2",
      "resolved": "https://registry.npmjs.org/@types/sizzle/-/sizzle-2.3.2.tgz",
      "integrity": "sha512-7EJYyKTL7tFR8+gDbB6Wwz/arpGa0Mywk1TJbNzKzHtzbwVmY4HR9WqS5VV7dsBUKQmPNr192jHr/VpBluj/hg=="
    }
  }
}
